
Microsoft Visual Studio Solution File, Format Version 12.00
# Visual Studio Version 17
VisualStudioVersion = 17.8.34511.84
MinimumVisualStudioVersion = 10.0.40219.1
Project("{9A19103F-16F7-4668-BE54-9A1E7A4F7556}") = "LegendaryDependencyInjection", "LegendaryDependencyInjection\LegendaryDependencyInjection.csproj", "{F7754495-38C4-4772-B1B3-5F2750BB0080}"
EndProject
Project("{9A19103F-16F7-4668-BE54-9A1E7A4F7556}") = "TestWeb", "TestWeb\TestWeb.csproj", "{5ACCB2A3-C946-4BCA-A5C5-E06F366F8125}"
EndProject
Project("{9A19103F-16F7-4668-BE54-9A1E7A4F7556}") = "LegendaryDependencyInjection.Extensions.AspNet", "LegendaryDependencyInjection.Extensions.AspNet\LegendaryDependencyInjection.Extensions.AspNet.csproj", "{DBF533D1-986E-46D1-8E53-FF5F0B59E98C}"
EndProject
Project("{9A19103F-16F7-4668-BE54-9A1E7A4F7556}") = "TestConsole", "TestConsole\TestConsole.csproj", "{18271002-C81B-4CFC-A0F9-2FCCC11FB2DE}"
EndProject
Global
	GlobalSection(SolutionConfigurationPlatforms) = preSolution
		Debug|Any CPU = Debug|Any CPU
		Release|Any CPU = Release|Any CPU
	EndGlobalSection
	GlobalSection(ProjectConfigurationPlatforms) = postSolution
		{F7754495-38C4-4772-B1B3-5F2750BB0080}.Debug|Any CPU.ActiveCfg = Debug|Any CPU
		{F7754495-38C4-4772-B1B3-5F2750BB0080}.Debug|Any CPU.Build.0 = Debug|Any CPU
		{F7754495-38C4-4772-B1B3-5F2750BB0080}.Release|Any CPU.ActiveCfg = Release|Any CPU
		{F7754495-38C4-4772-B1B3-5F2750BB0080}.Release|Any CPU.Build.0 = Release|Any CPU
		{5ACCB2A3-C946-4BCA-A5C5-E06F366F8125}.Debug|Any CPU.ActiveCfg = Debug|Any CPU
		{5ACCB2A3-C946-4BCA-A5C5-E06F366F8125}.Debug|Any CPU.Build.0 = Debug|Any CPU
		{5ACCB2A3-C946-4BCA-A5C5-E06F366F8125}.Release|Any CPU.ActiveCfg = Release|Any CPU
		{5ACCB2A3-C946-4BCA-A5C5-E06F366F8125}.Release|Any CPU.Build.0 = Release|Any CPU
		{DBF533D1-986E-46D1-8E53-FF5F0B59E98C}.Debug|Any CPU.ActiveCfg = Debug|Any CPU
		{DBF533D1-986E-46D1-8E53-FF5F0B59E98C}.Debug|Any CPU.Build.0 = Debug|Any CPU
		{DBF533D1-986E-46D1-8E53-FF5F0B59E98C}.Release|Any CPU.ActiveCfg = Release|Any CPU
		{DBF533D1-986E-46D1-8E53-FF5F0B59E98C}.Release|Any CPU.Build.0 = Release|Any CPU
		{18271002-C81B-4CFC-A0F9-2FCCC11FB2DE}.Debug|Any CPU.ActiveCfg = Debug|Any CPU
		{18271002-C81B-4CFC-A0F9-2FCCC11FB2DE}.Debug|Any CPU.Build.0 = Debug|Any CPU
		{18271002-C81B-4CFC-A0F9-2FCCC11FB2DE}.Release|Any CPU.ActiveCfg = Release|Any CPU
		{18271002-C81B-4CFC-A0F9-2FCCC11FB2DE}.Release|Any CPU.Build.0 = Release|Any CPU
	EndGlobalSection
	GlobalSection(SolutionProperties) = preSolution
		HideSolutionNode = FALSE
	EndGlobalSection
	GlobalSection(ExtensibilityGlobals) = postSolution
		SolutionGuid = {D6A2DDC7-0B82-4457-B77D-4B6EF7D32E05}
	EndGlobalSection
EndGlobal
