
Microsoft Visual Studio Solution File, Format Version 12.00
# Visual Studio Version 17
VisualStudioVersion = 17.8.34511.84
MinimumVisualStudioVersion = 10.0.40219.1
Project("{FAE04EC0-301F-11D3-BF4B-00C04F79EFBC}") = "LegendaryDependencyInjection", "LegendaryDependencyInjection\LegendaryDependencyInjection.csproj", "{F7754495-38C4-4772-B1B3-5F2750BB0080}"
EndProject
Global
	GlobalSection(SolutionConfigurationPlatforms) = preSolution
		Debug|Any CPU = Debug|Any CPU
		Release|Any CPU = Release|Any CPU
	EndGlobalSection
	GlobalSection(ProjectConfigurationPlatforms) = postSolution
		{F7754495-38C4-4772-B1B3-5F2750BB0080}.Debug|Any CPU.ActiveCfg = Debug|Any CPU
		{F7754495-38C4-4772-B1B3-5F2750BB0080}.Debug|Any CPU.Build.0 = Debug|Any CPU
		{F7754495-38C4-4772-B1B3-5F2750BB0080}.Release|Any CPU.ActiveCfg = Release|Any CPU
		{F7754495-38C4-4772-B1B3-5F2750BB0080}.Release|Any CPU.Build.0 = Release|Any CPU
	EndGlobalSection
	GlobalSection(SolutionProperties) = preSolution
		HideSolutionNode = FALSE
	EndGlobalSection
	GlobalSection(ExtensibilityGlobals) = postSolution
		SolutionGuid = {D6A2DDC7-0B82-4457-B77D-4B6EF7D32E05}
	EndGlobalSection
EndGlobal
